
Microsoft Visual Studio Solution File, Format Version 12.00
# Visual Studio 15
VisualStudioVersion = 15.0.28010.2026
MinimumVisualStudioVersion = 10.0.40219.1
Project("{FAE04EC0-301F-11D3-BF4B-00C04F79EFBC}") = "Tworzenie Tabel.Android", "Tworzenie Tabel\Tworzenie Tabel.Android\Tworzenie Tabel.Android.csproj", "{ED684748-23B3-4B3B-9AF8-9E6C6C485686}"
EndProject
Project("{FAE04EC0-301F-11D3-BF4B-00C04F79EFBC}") = "Tworzenie Tabel.iOS", "Tworzenie Tabel\Tworzenie Tabel.iOS\Tworzenie Tabel.iOS.csproj", "{7718CB2C-A06B-4B36-8575-B822C2683B56}"
EndProject
Project("{FAE04EC0-301F-11D3-BF4B-00C04F79EFBC}") = "Tworzenie Tabel.UWP", "Tworzenie Tabel\Tworzenie Tabel.UWP\Tworzenie Tabel.UWP.csproj", "{BED98EB0-E3DC-47AC-A16D-4A8DAF83091B}"
EndProject
Project("{FAE04EC0-301F-11D3-BF4B-00C04F79EFBC}") = "Tworzenie Tabel", "Tworzenie Tabel\Tworzenie Tabel\Tworzenie Tabel.csproj", "{FD7490CE-8E8B-41A2-8919-5DD60081B4E6}"
EndProject
Global
	GlobalSection(SolutionConfigurationPlatforms) = preSolution
		Ad-Hoc|Any CPU = Ad-Hoc|Any CPU
		Ad-Hoc|ARM = Ad-Hoc|ARM
		Ad-Hoc|iPhone = Ad-Hoc|iPhone
		Ad-Hoc|iPhoneSimulator = Ad-Hoc|iPhoneSimulator
		Ad-Hoc|x64 = Ad-Hoc|x64
		Ad-Hoc|x86 = Ad-Hoc|x86
		AppStore|Any CPU = AppStore|Any CPU
		AppStore|ARM = AppStore|ARM
		AppStore|iPhone = AppStore|iPhone
		AppStore|iPhoneSimulator = AppStore|iPhoneSimulator
		AppStore|x64 = AppStore|x64
		AppStore|x86 = AppStore|x86
		Debug|Any CPU = Debug|Any CPU
		Debug|ARM = Debug|ARM
		Debug|iPhone = Debug|iPhone
		Debug|iPhoneSimulator = Debug|iPhoneSimulator
		Debug|x64 = Debug|x64
		Debug|x86 = Debug|x86
		Release|Any CPU = Release|Any CPU
		Release|ARM = Release|ARM
		Release|iPhone = Release|iPhone
		Release|iPhoneSimulator = Release|iPhoneSimulator
		Release|x64 = Release|x64
		Release|x86 = Release|x86
	EndGlobalSection
	GlobalSection(ProjectConfigurationPlatforms) = postSolution
		{ED684748-23B3-4B3B-9AF8-9E6C6C485686}.Ad-Hoc|Any CPU.ActiveCfg = Release|Any CPU
		{ED684748-23B3-4B3B-9AF8-9E6C6C485686}.Ad-Hoc|Any CPU.Build.0 = Release|Any CPU
		{ED684748-23B3-4B3B-9AF8-9E6C6C485686}.Ad-Hoc|Any CPU.Deploy.0 = Release|Any CPU
		{ED684748-23B3-4B3B-9AF8-9E6C6C485686}.Ad-Hoc|ARM.ActiveCfg = Release|Any CPU
		{ED684748-23B3-4B3B-9AF8-9E6C6C485686}.Ad-Hoc|ARM.Build.0 = Release|Any CPU
		{ED684748-23B3-4B3B-9AF8-9E6C6C485686}.Ad-Hoc|ARM.Deploy.0 = Release|Any CPU
		{ED684748-23B3-4B3B-9AF8-9E6C6C485686}.Ad-Hoc|iPhone.ActiveCfg = Release|Any CPU
		{ED684748-23B3-4B3B-9AF8-9E6C6C485686}.Ad-Hoc|iPhone.Build.0 = Release|Any CPU
		{ED684748-23B3-4B3B-9AF8-9E6C6C485686}.Ad-Hoc|iPhone.Deploy.0 = Release|Any CPU
		{ED684748-23B3-4B3B-9AF8-9E6C6C485686}.Ad-Hoc|iPhoneSimulator.ActiveCfg = Release|Any CPU
		{ED684748-23B3-4B3B-9AF8-9E6C6C485686}.Ad-Hoc|iPhoneSimulator.Build.0 = Release|Any CPU
		{ED684748-23B3-4B3B-9AF8-9E6C6C485686}.Ad-Hoc|iPhoneSimulator.Deploy.0 = Release|Any CPU
		{ED684748-23B3-4B3B-9AF8-9E6C6C485686}.Ad-Hoc|x64.ActiveCfg = Release|Any CPU
		{ED684748-23B3-4B3B-9AF8-9E6C6C485686}.Ad-Hoc|x64.Build.0 = Release|Any CPU
		{ED684748-23B3-4B3B-9AF8-9E6C6C485686}.Ad-Hoc|x64.Deploy.0 = Release|Any CPU
		{ED684748-23B3-4B3B-9AF8-9E6C6C485686}.Ad-Hoc|x86.ActiveCfg = Release|Any CPU
		{ED684748-23B3-4B3B-9AF8-9E6C6C485686}.Ad-Hoc|x86.Build.0 = Release|Any CPU
		{ED684748-23B3-4B3B-9AF8-9E6C6C485686}.Ad-Hoc|x86.Deploy.0 = Release|Any CPU
		{ED684748-23B3-4B3B-9AF8-9E6C6C485686}.AppStore|Any CPU.ActiveCfg = Release|Any CPU
		{ED684748-23B3-4B3B-9AF8-9E6C6C485686}.AppStore|Any CPU.Build.0 = Release|Any CPU
		{ED684748-23B3-4B3B-9AF8-9E6C6C485686}.AppStore|Any CPU.Deploy.0 = Release|Any CPU
		{ED684748-23B3-4B3B-9AF8-9E6C6C485686}.AppStore|ARM.ActiveCfg = Release|Any CPU
		{ED684748-23B3-4B3B-9AF8-9E6C6C485686}.AppStore|ARM.Build.0 = Release|Any CPU
		{ED684748-23B3-4B3B-9AF8-9E6C6C485686}.AppStore|ARM.Deploy.0 = Release|Any CPU
		{ED684748-23B3-4B3B-9AF8-9E6C6C485686}.AppStore|iPhone.ActiveCfg = Release|Any CPU
		{ED684748-23B3-4B3B-9AF8-9E6C6C485686}.AppStore|iPhone.Build.0 = Release|Any CPU
		{ED684748-23B3-4B3B-9AF8-9E6C6C485686}.AppStore|iPhone.Deploy.0 = Release|Any CPU
		{ED684748-23B3-4B3B-9AF8-9E6C6C485686}.AppStore|iPhoneSimulator.ActiveCfg = Release|Any CPU
		{ED684748-23B3-4B3B-9AF8-9E6C6C485686}.AppStore|iPhoneSimulator.Build.0 = Release|Any CPU
		{ED684748-23B3-4B3B-9AF8-9E6C6C485686}.AppStore|iPhoneSimulator.Deploy.0 = Release|Any CPU
		{ED684748-23B3-4B3B-9AF8-9E6C6C485686}.AppStore|x64.ActiveCfg = Release|Any CPU
		{ED684748-23B3-4B3B-9AF8-9E6C6C485686}.AppStore|x64.Build.0 = Release|Any CPU
		{ED684748-23B3-4B3B-9AF8-9E6C6C485686}.AppStore|x64.Deploy.0 = Release|Any CPU
		{ED684748-23B3-4B3B-9AF8-9E6C6C485686}.AppStore|x86.ActiveCfg = Release|Any CPU
		{ED684748-23B3-4B3B-9AF8-9E6C6C485686}.AppStore|x86.Build.0 = Release|Any CPU
		{ED684748-23B3-4B3B-9AF8-9E6C6C485686}.AppStore|x86.Deploy.0 = Release|Any CPU
		{ED684748-23B3-4B3B-9AF8-9E6C6C485686}.Debug|Any CPU.ActiveCfg = Debug|Any CPU
		{ED684748-23B3-4B3B-9AF8-9E6C6C485686}.Debug|Any CPU.Build.0 = Debug|Any CPU
		{ED684748-23B3-4B3B-9AF8-9E6C6C485686}.Debug|Any CPU.Deploy.0 = Debug|Any CPU
		{ED684748-23B3-4B3B-9AF8-9E6C6C485686}.Debug|ARM.ActiveCfg = Debug|Any CPU
		{ED684748-23B3-4B3B-9AF8-9E6C6C485686}.Debug|ARM.Build.0 = Debug|Any CPU
		{ED684748-23B3-4B3B-9AF8-9E6C6C485686}.Debug|ARM.Deploy.0 = Debug|Any CPU
		{ED684748-23B3-4B3B-9AF8-9E6C6C485686}.Debug|iPhone.ActiveCfg = Debug|Any CPU
		{ED684748-23B3-4B3B-9AF8-9E6C6C485686}.Debug|iPhone.Build.0 = Debug|Any CPU
		{ED684748-23B3-4B3B-9AF8-9E6C6C485686}.Debug|iPhone.Deploy.0 = Debug|Any CPU
		{ED684748-23B3-4B3B-9AF8-9E6C6C485686}.Debug|iPhoneSimulator.ActiveCfg = Debug|Any CPU
		{ED684748-23B3-4B3B-9AF8-9E6C6C485686}.Debug|iPhoneSimulator.Build.0 = Debug|Any CPU
		{ED684748-23B3-4B3B-9AF8-9E6C6C485686}.Debug|iPhoneSimulator.Deploy.0 = Debug|Any CPU
		{ED684748-23B3-4B3B-9AF8-9E6C6C485686}.Debug|x64.ActiveCfg = Debug|Any CPU
		{ED684748-23B3-4B3B-9AF8-9E6C6C485686}.Debug|x64.Build.0 = Debug|Any CPU
		{ED684748-23B3-4B3B-9AF8-9E6C6C485686}.Debug|x64.Deploy.0 = Debug|Any CPU
		{ED684748-23B3-4B3B-9AF8-9E6C6C485686}.Debug|x86.ActiveCfg = Debug|Any CPU
		{ED684748-23B3-4B3B-9AF8-9E6C6C485686}.Debug|x86.Build.0 = Debug|Any CPU
		{ED684748-23B3-4B3B-9AF8-9E6C6C485686}.Debug|x86.Deploy.0 = Debug|Any CPU
		{ED684748-23B3-4B3B-9AF8-9E6C6C485686}.Release|Any CPU.ActiveCfg = Release|Any CPU
		{ED684748-23B3-4B3B-9AF8-9E6C6C485686}.Release|Any CPU.Build.0 = Release|Any CPU
		{ED684748-23B3-4B3B-9AF8-9E6C6C485686}.Release|Any CPU.Deploy.0 = Release|Any CPU
		{ED684748-23B3-4B3B-9AF8-9E6C6C485686}.Release|ARM.ActiveCfg = Release|Any CPU
		{ED684748-23B3-4B3B-9AF8-9E6C6C485686}.Release|ARM.Build.0 = Release|Any CPU
		{ED684748-23B3-4B3B-9AF8-9E6C6C485686}.Release|ARM.Deploy.0 = Release|Any CPU
		{ED684748-23B3-4B3B-9AF8-9E6C6C485686}.Release|iPhone.ActiveCfg = Release|Any CPU
		{ED684748-23B3-4B3B-9AF8-9E6C6C485686}.Release|iPhone.Build.0 = Release|Any CPU
		{ED684748-23B3-4B3B-9AF8-9E6C6C485686}.Release|iPhone.Deploy.0 = Release|Any CPU
		{ED684748-23B3-4B3B-9AF8-9E6C6C485686}.Release|iPhoneSimulator.ActiveCfg = Release|Any CPU
		{ED684748-23B3-4B3B-9AF8-9E6C6C485686}.Release|iPhoneSimulator.Build.0 = Release|Any CPU
		{ED684748-23B3-4B3B-9AF8-9E6C6C485686}.Release|iPhoneSimulator.Deploy.0 = Release|Any CPU
		{ED684748-23B3-4B3B-9AF8-9E6C6C485686}.Release|x64.ActiveCfg = Release|Any CPU
		{ED684748-23B3-4B3B-9AF8-9E6C6C485686}.Release|x64.Build.0 = Release|Any CPU
		{ED684748-23B3-4B3B-9AF8-9E6C6C485686}.Release|x64.Deploy.0 = Release|Any CPU
		{ED684748-23B3-4B3B-9AF8-9E6C6C485686}.Release|x86.ActiveCfg = Release|Any CPU
		{ED684748-23B3-4B3B-9AF8-9E6C6C485686}.Release|x86.Build.0 = Release|Any CPU
		{ED684748-23B3-4B3B-9AF8-9E6C6C485686}.Release|x86.Deploy.0 = Release|Any CPU
		{7718CB2C-A06B-4B36-8575-B822C2683B56}.Ad-Hoc|Any CPU.ActiveCfg = Ad-Hoc|iPhone
		{7718CB2C-A06B-4B36-8575-B822C2683B56}.Ad-Hoc|Any CPU.Build.0 = Ad-Hoc|iPhone
		{7718CB2C-A06B-4B36-8575-B822C2683B56}.Ad-Hoc|Any CPU.Deploy.0 = Ad-Hoc|iPhone
		{7718CB2C-A06B-4B36-8575-B822C2683B56}.Ad-Hoc|ARM.ActiveCfg = Ad-Hoc|iPhone
		{7718CB2C-A06B-4B36-8575-B822C2683B56}.Ad-Hoc|ARM.Build.0 = Ad-Hoc|iPhone
		{7718CB2C-A06B-4B36-8575-B822C2683B56}.Ad-Hoc|ARM.Deploy.0 = Ad-Hoc|iPhone
		{7718CB2C-A06B-4B36-8575-B822C2683B56}.Ad-Hoc|iPhone.ActiveCfg = Ad-Hoc|iPhone
		{7718CB2C-A06B-4B36-8575-B822C2683B56}.Ad-Hoc|iPhone.Build.0 = Ad-Hoc|iPhone
		{7718CB2C-A06B-4B36-8575-B822C2683B56}.Ad-Hoc|iPhone.Deploy.0 = Ad-Hoc|iPhone
		{7718CB2C-A06B-4B36-8575-B822C2683B56}.Ad-Hoc|iPhoneSimulator.ActiveCfg = Ad-Hoc|iPhoneSimulator
		{7718CB2C-A06B-4B36-8575-B822C2683B56}.Ad-Hoc|iPhoneSimulator.Build.0 = Ad-Hoc|iPhoneSimulator
		{7718CB2C-A06B-4B36-8575-B822C2683B56}.Ad-Hoc|iPhoneSimulator.Deploy.0 = Ad-Hoc|iPhoneSimulator
		{7718CB2C-A06B-4B36-8575-B822C2683B56}.Ad-Hoc|x64.ActiveCfg = Ad-Hoc|iPhone
		{7718CB2C-A06B-4B36-8575-B822C2683B56}.Ad-Hoc|x64.Build.0 = Ad-Hoc|iPhone
		{7718CB2C-A06B-4B36-8575-B822C2683B56}.Ad-Hoc|x64.Deploy.0 = Ad-Hoc|iPhone
		{7718CB2C-A06B-4B36-8575-B822C2683B56}.Ad-Hoc|x86.ActiveCfg = Ad-Hoc|iPhone
		{7718CB2C-A06B-4B36-8575-B822C2683B56}.Ad-Hoc|x86.Build.0 = Ad-Hoc|iPhone
		{7718CB2C-A06B-4B36-8575-B822C2683B56}.Ad-Hoc|x86.Deploy.0 = Ad-Hoc|iPhone
		{7718CB2C-A06B-4B36-8575-B822C2683B56}.AppStore|Any CPU.ActiveCfg = AppStore|iPhone
		{7718CB2C-A06B-4B36-8575-B822C2683B56}.AppStore|Any CPU.Build.0 = AppStore|iPhone
		{7718CB2C-A06B-4B36-8575-B822C2683B56}.AppStore|Any CPU.Deploy.0 = AppStore|iPhone
		{7718CB2C-A06B-4B36-8575-B822C2683B56}.AppStore|ARM.ActiveCfg = AppStore|iPhone
		{7718CB2C-A06B-4B36-8575-B822C2683B56}.AppStore|ARM.Build.0 = AppStore|iPhone
		{7718CB2C-A06B-4B36-8575-B822C2683B56}.AppStore|ARM.Deploy.0 = AppStore|iPhone
		{7718CB2C-A06B-4B36-8575-B822C2683B56}.AppStore|iPhone.ActiveCfg = AppStore|iPhone
		{7718CB2C-A06B-4B36-8575-B822C2683B56}.AppStore|iPhone.Build.0 = AppStore|iPhone
		{7718CB2C-A06B-4B36-8575-B822C2683B56}.AppStore|iPhone.Deploy.0 = AppStore|iPhone
		{7718CB2C-A06B-4B36-8575-B822C2683B56}.AppStore|iPhoneSimulator.ActiveCfg = AppStore|iPhoneSimulator
		{7718CB2C-A06B-4B36-8575-B822C2683B56}.AppStore|iPhoneSimulator.Build.0 = AppStore|iPhoneSimulator
		{7718CB2C-A06B-4B36-8575-B822C2683B56}.AppStore|iPhoneSimulator.Deploy.0 = AppStore|iPhoneSimulator
		{7718CB2C-A06B-4B36-8575-B822C2683B56}.AppStore|x64.ActiveCfg = AppStore|iPhone
		{7718CB2C-A06B-4B36-8575-B822C2683B56}.AppStore|x64.Build.0 = AppStore|iPhone
		{7718CB2C-A06B-4B36-8575-B822C2683B56}.AppStore|x64.Deploy.0 = AppStore|iPhone
		{7718CB2C-A06B-4B36-8575-B822C2683B56}.AppStore|x86.ActiveCfg = AppStore|iPhone
		{7718CB2C-A06B-4B36-8575-B822C2683B56}.AppStore|x86.Build.0 = AppStore|iPhone
		{7718CB2C-A06B-4B36-8575-B822C2683B56}.AppStore|x86.Deploy.0 = AppStore|iPhone
		{7718CB2C-A06B-4B36-8575-B822C2683B56}.Debug|Any CPU.ActiveCfg = Debug|iPhoneSimulator
		{7718CB2C-A06B-4B36-8575-B822C2683B56}.Debug|Any CPU.Build.0 = Debug|iPhoneSimulator
		{7718CB2C-A06B-4B36-8575-B822C2683B56}.Debug|Any CPU.Deploy.0 = Debug|iPhoneSimulator
		{7718CB2C-A06B-4B36-8575-B822C2683B56}.Debug|ARM.ActiveCfg = Debug|iPhone
		{7718CB2C-A06B-4B36-8575-B822C2683B56}.Debug|ARM.Build.0 = Debug|iPhone
		{7718CB2C-A06B-4B36-8575-B822C2683B56}.Debug|ARM.Deploy.0 = Debug|iPhone
		{7718CB2C-A06B-4B36-8575-B822C2683B56}.Debug|iPhone.ActiveCfg = Debug|iPhone
		{7718CB2C-A06B-4B36-8575-B822C2683B56}.Debug|iPhone.Build.0 = Debug|iPhone
		{7718CB2C-A06B-4B36-8575-B822C2683B56}.Debug|iPhone.Deploy.0 = Debug|iPhone
		{7718CB2C-A06B-4B36-8575-B822C2683B56}.Debug|iPhoneSimulator.ActiveCfg = Debug|iPhoneSimulator
		{7718CB2C-A06B-4B36-8575-B822C2683B56}.Debug|iPhoneSimulator.Build.0 = Debug|iPhoneSimulator
		{7718CB2C-A06B-4B36-8575-B822C2683B56}.Debug|iPhoneSimulator.Deploy.0 = Debug|iPhoneSimulator
		{7718CB2C-A06B-4B36-8575-B822C2683B56}.Debug|x64.ActiveCfg = Debug|iPhone
		{7718CB2C-A06B-4B36-8575-B822C2683B56}.Debug|x64.Build.0 = Debug|iPhone
		{7718CB2C-A06B-4B36-8575-B822C2683B56}.Debug|x64.Deploy.0 = Debug|iPhone
		{7718CB2C-A06B-4B36-8575-B822C2683B56}.Debug|x86.ActiveCfg = Debug|iPhone
		{7718CB2C-A06B-4B36-8575-B822C2683B56}.Debug|x86.Build.0 = Debug|iPhone
		{7718CB2C-A06B-4B36-8575-B822C2683B56}.Debug|x86.Deploy.0 = Debug|iPhone
		{7718CB2C-A06B-4B36-8575-B822C2683B56}.Release|Any CPU.ActiveCfg = Release|iPhone
		{7718CB2C-A06B-4B36-8575-B822C2683B56}.Release|Any CPU.Build.0 = Release|iPhone
		{7718CB2C-A06B-4B36-8575-B822C2683B56}.Release|Any CPU.Deploy.0 = Release|iPhone
		{7718CB2C-A06B-4B36-8575-B822C2683B56}.Release|ARM.ActiveCfg = Release|iPhone
		{7718CB2C-A06B-4B36-8575-B822C2683B56}.Release|ARM.Build.0 = Release|iPhone
		{7718CB2C-A06B-4B36-8575-B822C2683B56}.Release|ARM.Deploy.0 = Release|iPhone
		{7718CB2C-A06B-4B36-8575-B822C2683B56}.Release|iPhone.ActiveCfg = Release|iPhone
		{7718CB2C-A06B-4B36-8575-B822C2683B56}.Release|iPhone.Build.0 = Release|iPhone
		{7718CB2C-A06B-4B36-8575-B822C2683B56}.Release|iPhone.Deploy.0 = Release|iPhone
		{7718CB2C-A06B-4B36-8575-B822C2683B56}.Release|iPhoneSimulator.ActiveCfg = Release|iPhoneSimulator
		{7718CB2C-A06B-4B36-8575-B822C2683B56}.Release|iPhoneSimulator.Build.0 = Release|iPhoneSimulator
		{7718CB2C-A06B-4B36-8575-B822C2683B56}.Release|iPhoneSimulator.Deploy.0 = Release|iPhoneSimulator
		{7718CB2C-A06B-4B36-8575-B822C2683B56}.Release|x64.ActiveCfg = Release|iPhone
		{7718CB2C-A06B-4B36-8575-B822C2683B56}.Release|x64.Build.0 = Release|iPhone
		{7718CB2C-A06B-4B36-8575-B822C2683B56}.Release|x64.Deploy.0 = Release|iPhone
		{7718CB2C-A06B-4B36-8575-B822C2683B56}.Release|x86.ActiveCfg = Release|iPhone
		{7718CB2C-A06B-4B36-8575-B822C2683B56}.Release|x86.Build.0 = Release|iPhone
		{7718CB2C-A06B-4B36-8575-B822C2683B56}.Release|x86.Deploy.0 = Release|iPhone
		{BED98EB0-E3DC-47AC-A16D-4A8DAF83091B}.Ad-Hoc|Any CPU.ActiveCfg = Release|x86
		{BED98EB0-E3DC-47AC-A16D-4A8DAF83091B}.Ad-Hoc|Any CPU.Build.0 = Release|x86
		{BED98EB0-E3DC-47AC-A16D-4A8DAF83091B}.Ad-Hoc|Any CPU.Deploy.0 = Release|x86
		{BED98EB0-E3DC-47AC-A16D-4A8DAF83091B}.Ad-Hoc|ARM.ActiveCfg = Release|ARM
		{BED98EB0-E3DC-47AC-A16D-4A8DAF83091B}.Ad-Hoc|ARM.Build.0 = Release|ARM
		{BED98EB0-E3DC-47AC-A16D-4A8DAF83091B}.Ad-Hoc|ARM.Deploy.0 = Release|ARM
		{BED98EB0-E3DC-47AC-A16D-4A8DAF83091B}.Ad-Hoc|iPhone.ActiveCfg = Release|x86
		{BED98EB0-E3DC-47AC-A16D-4A8DAF83091B}.Ad-Hoc|iPhone.Build.0 = Release|x86
		{BED98EB0-E3DC-47AC-A16D-4A8DAF83091B}.Ad-Hoc|iPhone.Deploy.0 = Release|x86
		{BED98EB0-E3DC-47AC-A16D-4A8DAF83091B}.Ad-Hoc|iPhoneSimulator.ActiveCfg = Release|x86
		{BED98EB0-E3DC-47AC-A16D-4A8DAF83091B}.Ad-Hoc|iPhoneSimulator.Build.0 = Release|x86
		{BED98EB0-E3DC-47AC-A16D-4A8DAF83091B}.Ad-Hoc|iPhoneSimulator.Deploy.0 = Release|x86
		{BED98EB0-E3DC-47AC-A16D-4A8DAF83091B}.Ad-Hoc|x64.ActiveCfg = Release|x64
		{BED98EB0-E3DC-47AC-A16D-4A8DAF83091B}.Ad-Hoc|x64.Build.0 = Release|x64
		{BED98EB0-E3DC-47AC-A16D-4A8DAF83091B}.Ad-Hoc|x64.Deploy.0 = Release|x64
		{BED98EB0-E3DC-47AC-A16D-4A8DAF83091B}.Ad-Hoc|x86.ActiveCfg = Release|x86
		{BED98EB0-E3DC-47AC-A16D-4A8DAF83091B}.Ad-Hoc|x86.Build.0 = Release|x86
		{BED98EB0-E3DC-47AC-A16D-4A8DAF83091B}.Ad-Hoc|x86.Deploy.0 = Release|x86
		{BED98EB0-E3DC-47AC-A16D-4A8DAF83091B}.AppStore|Any CPU.ActiveCfg = Release|x86
		{BED98EB0-E3DC-47AC-A16D-4A8DAF83091B}.AppStore|Any CPU.Build.0 = Release|x86
		{BED98EB0-E3DC-47AC-A16D-4A8DAF83091B}.AppStore|Any CPU.Deploy.0 = Release|x86
		{BED98EB0-E3DC-47AC-A16D-4A8DAF83091B}.AppStore|ARM.ActiveCfg = Release|ARM
		{BED98EB0-E3DC-47AC-A16D-4A8DAF83091B}.AppStore|ARM.Build.0 = Release|ARM
		{BED98EB0-E3DC-47AC-A16D-4A8DAF83091B}.AppStore|ARM.Deploy.0 = Release|ARM
		{BED98EB0-E3DC-47AC-A16D-4A8DAF83091B}.AppStore|iPhone.ActiveCfg = Release|x86
		{BED98EB0-E3DC-47AC-A16D-4A8DAF83091B}.AppStore|iPhone.Build.0 = Release|x86
		{BED98EB0-E3DC-47AC-A16D-4A8DAF83091B}.AppStore|iPhone.Deploy.0 = Release|x86
		{BED98EB0-E3DC-47AC-A16D-4A8DAF83091B}.AppStore|iPhoneSimulator.ActiveCfg = Release|x86
		{BED98EB0-E3DC-47AC-A16D-4A8DAF83091B}.AppStore|iPhoneSimulator.Build.0 = Release|x86
		{BED98EB0-E3DC-47AC-A16D-4A8DAF83091B}.AppStore|iPhoneSimulator.Deploy.0 = Release|x86
		{BED98EB0-E3DC-47AC-A16D-4A8DAF83091B}.AppStore|x64.ActiveCfg = Release|x64
		{BED98EB0-E3DC-47AC-A16D-4A8DAF83091B}.AppStore|x64.Build.0 = Release|x64
		{BED98EB0-E3DC-47AC-A16D-4A8DAF83091B}.AppStore|x64.Deploy.0 = Release|x64
		{BED98EB0-E3DC-47AC-A16D-4A8DAF83091B}.AppStore|x86.ActiveCfg = Release|x86
		{BED98EB0-E3DC-47AC-A16D-4A8DAF83091B}.AppStore|x86.Build.0 = Release|x86
		{BED98EB0-E3DC-47AC-A16D-4A8DAF83091B}.AppStore|x86.Deploy.0 = Release|x86
		{BED98EB0-E3DC-47AC-A16D-4A8DAF83091B}.Debug|Any CPU.ActiveCfg = Debug|x86
		{BED98EB0-E3DC-47AC-A16D-4A8DAF83091B}.Debug|Any CPU.Build.0 = Debug|x86
		{BED98EB0-E3DC-47AC-A16D-4A8DAF83091B}.Debug|Any CPU.Deploy.0 = Debug|x86
		{BED98EB0-E3DC-47AC-A16D-4A8DAF83091B}.Debug|ARM.ActiveCfg = Debug|ARM
		{BED98EB0-E3DC-47AC-A16D-4A8DAF83091B}.Debug|ARM.Build.0 = Debug|ARM
		{BED98EB0-E3DC-47AC-A16D-4A8DAF83091B}.Debug|ARM.Deploy.0 = Debug|ARM
		{BED98EB0-E3DC-47AC-A16D-4A8DAF83091B}.Debug|iPhone.ActiveCfg = Debug|x86
		{BED98EB0-E3DC-47AC-A16D-4A8DAF83091B}.Debug|iPhone.Build.0 = Debug|x86
		{BED98EB0-E3DC-47AC-A16D-4A8DAF83091B}.Debug|iPhone.Deploy.0 = Debug|x86
		{BED98EB0-E3DC-47AC-A16D-4A8DAF83091B}.Debug|iPhoneSimulator.ActiveCfg = Debug|x86
		{BED98EB0-E3DC-47AC-A16D-4A8DAF83091B}.Debug|iPhoneSimulator.Build.0 = Debug|x86
		{BED98EB0-E3DC-47AC-A16D-4A8DAF83091B}.Debug|iPhoneSimulator.Deploy.0 = Debug|x86
		{BED98EB0-E3DC-47AC-A16D-4A8DAF83091B}.Debug|x64.ActiveCfg = Debug|x64
		{BED98EB0-E3DC-47AC-A16D-4A8DAF83091B}.Debug|x64.Build.0 = Debug|x64
		{BED98EB0-E3DC-47AC-A16D-4A8DAF83091B}.Debug|x64.Deploy.0 = Debug|x64
		{BED98EB0-E3DC-47AC-A16D-4A8DAF83091B}.Debug|x86.ActiveCfg = Debug|x86
		{BED98EB0-E3DC-47AC-A16D-4A8DAF83091B}.Debug|x86.Build.0 = Debug|x86
		{BED98EB0-E3DC-47AC-A16D-4A8DAF83091B}.Debug|x86.Deploy.0 = Debug|x86
		{BED98EB0-E3DC-47AC-A16D-4A8DAF83091B}.Release|Any CPU.ActiveCfg = Release|x86
		{BED98EB0-E3DC-47AC-A16D-4A8DAF83091B}.Release|Any CPU.Build.0 = Release|x86
		{BED98EB0-E3DC-47AC-A16D-4A8DAF83091B}.Release|Any CPU.Deploy.0 = Release|x86
		{BED98EB0-E3DC-47AC-A16D-4A8DAF83091B}.Release|ARM.ActiveCfg = Release|ARM
		{BED98EB0-E3DC-47AC-A16D-4A8DAF83091B}.Release|ARM.Build.0 = Release|ARM
		{BED98EB0-E3DC-47AC-A16D-4A8DAF83091B}.Release|ARM.Deploy.0 = Release|ARM
		{BED98EB0-E3DC-47AC-A16D-4A8DAF83091B}.Release|iPhone.ActiveCfg = Release|x86
		{BED98EB0-E3DC-47AC-A16D-4A8DAF83091B}.Release|iPhone.Build.0 = Release|x86
		{BED98EB0-E3DC-47AC-A16D-4A8DAF83091B}.Release|iPhone.Deploy.0 = Release|x86
		{BED98EB0-E3DC-47AC-A16D-4A8DAF83091B}.Release|iPhoneSimulator.ActiveCfg = Release|x86
		{BED98EB0-E3DC-47AC-A16D-4A8DAF83091B}.Release|iPhoneSimulator.Build.0 = Release|x86
		{BED98EB0-E3DC-47AC-A16D-4A8DAF83091B}.Release|iPhoneSimulator.Deploy.0 = Release|x86
		{BED98EB0-E3DC-47AC-A16D-4A8DAF83091B}.Release|x64.ActiveCfg = Release|x64
		{BED98EB0-E3DC-47AC-A16D-4A8DAF83091B}.Release|x64.Build.0 = Release|x64
		{BED98EB0-E3DC-47AC-A16D-4A8DAF83091B}.Release|x64.Deploy.0 = Release|x64
		{BED98EB0-E3DC-47AC-A16D-4A8DAF83091B}.Release|x86.ActiveCfg = Release|x86
		{BED98EB0-E3DC-47AC-A16D-4A8DAF83091B}.Release|x86.Build.0 = Release|x86
		{BED98EB0-E3DC-47AC-A16D-4A8DAF83091B}.Release|x86.Deploy.0 = Release|x86
		{FD7490CE-8E8B-41A2-8919-5DD60081B4E6}.Ad-Hoc|Any CPU.ActiveCfg = Debug|Any CPU
		{FD7490CE-8E8B-41A2-8919-5DD60081B4E6}.Ad-Hoc|Any CPU.Build.0 = Debug|Any CPU
		{FD7490CE-8E8B-41A2-8919-5DD60081B4E6}.Ad-Hoc|Any CPU.Deploy.0 = Debug|Any CPU
		{FD7490CE-8E8B-41A2-8919-5DD60081B4E6}.Ad-Hoc|ARM.ActiveCfg = Debug|Any CPU
		{FD7490CE-8E8B-41A2-8919-5DD60081B4E6}.Ad-Hoc|ARM.Build.0 = Debug|Any CPU
		{FD7490CE-8E8B-41A2-8919-5DD60081B4E6}.Ad-Hoc|ARM.Deploy.0 = Debug|Any CPU
		{FD7490CE-8E8B-41A2-8919-5DD60081B4E6}.Ad-Hoc|iPhone.ActiveCfg = Debug|Any CPU
		{FD7490CE-8E8B-41A2-8919-5DD60081B4E6}.Ad-Hoc|iPhone.Build.0 = Debug|Any CPU
		{FD7490CE-8E8B-41A2-8919-5DD60081B4E6}.Ad-Hoc|iPhone.Deploy.0 = Debug|Any CPU
		{FD7490CE-8E8B-41A2-8919-5DD60081B4E6}.Ad-Hoc|iPhoneSimulator.ActiveCfg = Debug|Any CPU
		{FD7490CE-8E8B-41A2-8919-5DD60081B4E6}.Ad-Hoc|iPhoneSimulator.Build.0 = Debug|Any CPU
		{FD7490CE-8E8B-41A2-8919-5DD60081B4E6}.Ad-Hoc|iPhoneSimulator.Deploy.0 = Debug|Any CPU
		{FD7490CE-8E8B-41A2-8919-5DD60081B4E6}.Ad-Hoc|x64.ActiveCfg = Debug|Any CPU
		{FD7490CE-8E8B-41A2-8919-5DD60081B4E6}.Ad-Hoc|x64.Build.0 = Debug|Any CPU
		{FD7490CE-8E8B-41A2-8919-5DD60081B4E6}.Ad-Hoc|x64.Deploy.0 = Debug|Any CPU
		{FD7490CE-8E8B-41A2-8919-5DD60081B4E6}.Ad-Hoc|x86.ActiveCfg = Debug|Any CPU
		{FD7490CE-8E8B-41A2-8919-5DD60081B4E6}.Ad-Hoc|x86.Build.0 = Debug|Any CPU
		{FD7490CE-8E8B-41A2-8919-5DD60081B4E6}.Ad-Hoc|x86.Deploy.0 = Debug|Any CPU
		{FD7490CE-8E8B-41A2-8919-5DD60081B4E6}.AppStore|Any CPU.ActiveCfg = Debug|Any CPU
		{FD7490CE-8E8B-41A2-8919-5DD60081B4E6}.AppStore|Any CPU.Build.0 = Debug|Any CPU
		{FD7490CE-8E8B-41A2-8919-5DD60081B4E6}.AppStore|Any CPU.Deploy.0 = Debug|Any CPU
		{FD7490CE-8E8B-41A2-8919-5DD60081B4E6}.AppStore|ARM.ActiveCfg = Debug|Any CPU
		{FD7490CE-8E8B-41A2-8919-5DD60081B4E6}.AppStore|ARM.Build.0 = Debug|Any CPU
		{FD7490CE-8E8B-41A2-8919-5DD60081B4E6}.AppStore|ARM.Deploy.0 = Debug|Any CPU
		{FD7490CE-8E8B-41A2-8919-5DD60081B4E6}.AppStore|iPhone.ActiveCfg = Debug|Any CPU
		{FD7490CE-8E8B-41A2-8919-5DD60081B4E6}.AppStore|iPhone.Build.0 = Debug|Any CPU
		{FD7490CE-8E8B-41A2-8919-5DD60081B4E6}.AppStore|iPhone.Deploy.0 = Debug|Any CPU
		{FD7490CE-8E8B-41A2-8919-5DD60081B4E6}.AppStore|iPhoneSimulator.ActiveCfg = Debug|Any CPU
		{FD7490CE-8E8B-41A2-8919-5DD60081B4E6}.AppStore|iPhoneSimulator.Build.0 = Debug|Any CPU
		{FD7490CE-8E8B-41A2-8919-5DD60081B4E6}.AppStore|iPhoneSimulator.Deploy.0 = Debug|Any CPU
		{FD7490CE-8E8B-41A2-8919-5DD60081B4E6}.AppStore|x64.ActiveCfg = Debug|Any CPU
		{FD7490CE-8E8B-41A2-8919-5DD60081B4E6}.AppStore|x64.Build.0 = Debug|Any CPU
		{FD7490CE-8E8B-41A2-8919-5DD60081B4E6}.AppStore|x64.Deploy.0 = Debug|Any CPU
		{FD7490CE-8E8B-41A2-8919-5DD60081B4E6}.AppStore|x86.ActiveCfg = Debug|Any CPU
		{FD7490CE-8E8B-41A2-8919-5DD60081B4E6}.AppStore|x86.Build.0 = Debug|Any CPU
		{FD7490CE-8E8B-41A2-8919-5DD60081B4E6}.AppStore|x86.Deploy.0 = Debug|Any CPU
		{FD7490CE-8E8B-41A2-8919-5DD60081B4E6}.Debug|Any CPU.ActiveCfg = Debug|Any CPU
		{FD7490CE-8E8B-41A2-8919-5DD60081B4E6}.Debug|Any CPU.Build.0 = Debug|Any CPU
		{FD7490CE-8E8B-41A2-8919-5DD60081B4E6}.Debug|Any CPU.Deploy.0 = Debug|Any CPU
		{FD7490CE-8E8B-41A2-8919-5DD60081B4E6}.Debug|ARM.ActiveCfg = Debug|Any CPU
		{FD7490CE-8E8B-41A2-8919-5DD60081B4E6}.Debug|ARM.Build.0 = Debug|Any CPU
		{FD7490CE-8E8B-41A2-8919-5DD60081B4E6}.Debug|ARM.Deploy.0 = Debug|Any CPU
		{FD7490CE-8E8B-41A2-8919-5DD60081B4E6}.Debug|iPhone.ActiveCfg = Debug|Any CPU
		{FD7490CE-8E8B-41A2-8919-5DD60081B4E6}.Debug|iPhone.Build.0 = Debug|Any CPU
		{FD7490CE-8E8B-41A2-8919-5DD60081B4E6}.Debug|iPhone.Deploy.0 = Debug|Any CPU
		{FD7490CE-8E8B-41A2-8919-5DD60081B4E6}.Debug|iPhoneSimulator.ActiveCfg = Debug|Any CPU
		{FD7490CE-8E8B-41A2-8919-5DD60081B4E6}.Debug|iPhoneSimulator.Build.0 = Debug|Any CPU
		{FD7490CE-8E8B-41A2-8919-5DD60081B4E6}.Debug|iPhoneSimulator.Deploy.0 = Debug|Any CPU
		{FD7490CE-8E8B-41A2-8919-5DD60081B4E6}.Debug|x64.ActiveCfg = Debug|Any CPU
		{FD7490CE-8E8B-41A2-8919-5DD60081B4E6}.Debug|x64.Build.0 = Debug|Any CPU
		{FD7490CE-8E8B-41A2-8919-5DD60081B4E6}.Debug|x64.Deploy.0 = Debug|Any CPU
		{FD7490CE-8E8B-41A2-8919-5DD60081B4E6}.Debug|x86.ActiveCfg = Debug|Any CPU
		{FD7490CE-8E8B-41A2-8919-5DD60081B4E6}.Debug|x86.Build.0 = Debug|Any CPU
		{FD7490CE-8E8B-41A2-8919-5DD60081B4E6}.Debug|x86.Deploy.0 = Debug|Any CPU
		{FD7490CE-8E8B-41A2-8919-5DD60081B4E6}.Release|Any CPU.ActiveCfg = Release|Any CPU
		{FD7490CE-8E8B-41A2-8919-5DD60081B4E6}.Release|Any CPU.Build.0 = Release|Any CPU
		{FD7490CE-8E8B-41A2-8919-5DD60081B4E6}.Release|Any CPU.Deploy.0 = Release|Any CPU
		{FD7490CE-8E8B-41A2-8919-5DD60081B4E6}.Release|ARM.ActiveCfg = Release|Any CPU
		{FD7490CE-8E8B-41A2-8919-5DD60081B4E6}.Release|ARM.Build.0 = Release|Any CPU
		{FD7490CE-8E8B-41A2-8919-5DD60081B4E6}.Release|ARM.Deploy.0 = Release|Any CPU
		{FD7490CE-8E8B-41A2-8919-5DD60081B4E6}.Release|iPhone.ActiveCfg = Release|Any CPU
		{FD7490CE-8E8B-41A2-8919-5DD60081B4E6}.Release|iPhone.Build.0 = Release|Any CPU
		{FD7490CE-8E8B-41A2-8919-5DD60081B4E6}.Release|iPhone.Deploy.0 = Release|Any CPU
		{FD7490CE-8E8B-41A2-8919-5DD60081B4E6}.Release|iPhoneSimulator.ActiveCfg = Release|Any CPU
		{FD7490CE-8E8B-41A2-8919-5DD60081B4E6}.Release|iPhoneSimulator.Build.0 = Release|Any CPU
		{FD7490CE-8E8B-41A2-8919-5DD60081B4E6}.Release|iPhoneSimulator.Deploy.0 = Release|Any CPU
		{FD7490CE-8E8B-41A2-8919-5DD60081B4E6}.Release|x64.ActiveCfg = Release|Any CPU
		{FD7490CE-8E8B-41A2-8919-5DD60081B4E6}.Release|x64.Build.0 = Release|Any CPU
		{FD7490CE-8E8B-41A2-8919-5DD60081B4E6}.Release|x64.Deploy.0 = Release|Any CPU
		{FD7490CE-8E8B-41A2-8919-5DD60081B4E6}.Release|x86.ActiveCfg = Release|Any CPU
		{FD7490CE-8E8B-41A2-8919-5DD60081B4E6}.Release|x86.Build.0 = Release|Any CPU
		{FD7490CE-8E8B-41A2-8919-5DD60081B4E6}.Release|x86.Deploy.0 = Release|Any CPU
	EndGlobalSection
	GlobalSection(SolutionProperties) = preSolution
		HideSolutionNode = FALSE
	EndGlobalSection
	GlobalSection(ExtensibilityGlobals) = postSolution
		SolutionGuid = {F6A7AD9F-AEAF-4E03-A12B-E5B407784B38}
	EndGlobalSection
EndGlobal
